
Microsoft Visual Studio Solution File, Format Version 12.00
# Visual Studio Version 17
VisualStudioVersion = 17.13.35931.197 d17.13
MinimumVisualStudioVersion = 10.0.40219.1
Project("{FAE04EC0-301F-11D3-BF4B-00C04F79EFBC}") = "apPalavrasHash", "apPalavrasHash.csproj", "{418E8697-D4A9-423C-9982-2BE94E252B52}"
EndProject
Global
	GlobalSection(SolutionConfigurationPlatforms) = preSolution
		Debug|Any CPU = Debug|Any CPU
		Release|Any CPU = Release|Any CPU
	EndGlobalSection
	GlobalSection(ProjectConfigurationPlatforms) = postSolution
		{418E8697-D4A9-423C-9982-2BE94E252B52}.Debug|Any CPU.ActiveCfg = Debug|Any CPU
		{418E8697-D4A9-423C-9982-2BE94E252B52}.Debug|Any CPU.Build.0 = Debug|Any CPU
		{418E8697-D4A9-423C-9982-2BE94E252B52}.Release|Any CPU.ActiveCfg = Release|Any CPU
		{418E8697-D4A9-423C-9982-2BE94E252B52}.Release|Any CPU.Build.0 = Release|Any CPU
	EndGlobalSection
	GlobalSection(SolutionProperties) = preSolution
		HideSolutionNode = FALSE
	EndGlobalSection
	GlobalSection(ExtensibilityGlobals) = postSolution
		SolutionGuid = {9083BBF1-207F-4E76-B384-3429424349D3}
	EndGlobalSection
EndGlobal
